
Microsoft Visual Studio Solution File, Format Version 12.00
# Visual Studio Version 16
VisualStudioVersion = 16.0.29926.136
MinimumVisualStudioVersion = 10.0.40219.1
Project("{FAE04EC0-301F-11D3-BF4B-00C04F79EFBC}") = "BlazorADB2C", "BlazorADB2C\BlazorADB2C.csproj", "{A7FD1226-8B3B-4347-A6B1-4AE541C35B82}"
EndProject
Global
	GlobalSection(SolutionConfigurationPlatforms) = preSolution
		Debug|Any CPU = Debug|Any CPU
		Release|Any CPU = Release|Any CPU
	EndGlobalSection
	GlobalSection(ProjectConfigurationPlatforms) = postSolution
		{A7FD1226-8B3B-4347-A6B1-4AE541C35B82}.Debug|Any CPU.ActiveCfg = Debug|Any CPU
		{A7FD1226-8B3B-4347-A6B1-4AE541C35B82}.Debug|Any CPU.Build.0 = Debug|Any CPU
		{A7FD1226-8B3B-4347-A6B1-4AE541C35B82}.Release|Any CPU.ActiveCfg = Release|Any CPU
		{A7FD1226-8B3B-4347-A6B1-4AE541C35B82}.Release|Any CPU.Build.0 = Release|Any CPU
	EndGlobalSection
	GlobalSection(SolutionProperties) = preSolution
		HideSolutionNode = FALSE
	EndGlobalSection
	GlobalSection(ExtensibilityGlobals) = postSolution
		SolutionGuid = {1DEA36A0-DCC1-4FC4-AA35-9C2FCC9ABA10}
	EndGlobalSection
EndGlobal
